{
    "requires": true,
    "lockfileVersion": 1,
    "dependencies": {
        "@types/node": {
            "version": "16.11.12",
            "resolved": "https://registry.npmmirror.com/@types/node/download/@types/node-16.11.12.tgz",
            "integrity": "sha512-+2Iggwg7PxoO5Kyhvsq9VarmPbIelXP070HMImEpbtGCoyWNINQj4wzjbQCXzdHTRXnqufutJb5KAURZANNBAw=="
        },
        "@types/webidl-conversions": {
            "version": "6.1.1",
            "resolved": "https://registry.npmmirror.com/@types/webidl-conversions/download/@types/webidl-conversions-6.1.1.tgz",
            "integrity": "sha1-4zvI6oEqAfY/kEgcZmM0hEsSoJ4="
        },
        "@types/whatwg-url": {
            "version": "8.2.1",
            "resolved": "https://registry.npmmirror.com/@types/whatwg-url/download/@types/whatwg-url-8.2.1.tgz",
            "integrity": "sha1-8arCItq3xZ4BFmOgywoxF7LvBdQ=",
            "requires": {
                "@types/node": "*",
                "@types/webidl-conversions": "*"
            }
        },
        "base64-js": {
            "version": "1.5.1",
            "resolved": "https://registry.npmmirror.com/base64-js/download/base64-js-1.5.1.tgz?cache=0&sync_timestamp=1632753994416&other_urls=https%3A%2F%2Fregistry.npmmirror.com%2Fbase64-js%2Fdownload%2Fbase64-js-1.5.1.tgz",
            "integrity": "sha1-GxtEAWClv3rUC2UPCVljSBkDkwo="
        },
        "basic-auth": {
            "version": "2.0.1",
            "resolved": "https://registry.npmmirror.com/basic-auth/download/basic-auth-2.0.1.tgz",
            "integrity": "sha1-uZgnm/R844NEtPPPkW1Gebv1Hjo=",
            "requires": {
                "safe-buffer": "5.1.2"
            }
        },
        "bson": {
            "version": "4.6.0",
            "resolved": "https://registry.npmmirror.com/bson/download/bson-4.6.0.tgz",
            "integrity": "sha512-8jw1NU1hglS+Da1jDOUYuNcBJ4cNHCFIqzlwoFNnsTOg2R/ox0aTYcTiBN4dzRa9q7Cvy6XErh3L8ReTEb9AQQ==",
            "requires": {
                "buffer": "^5.6.0"
            }
        },
        "buffer": {
            "version": "5.7.1",
            "resolved": "https://registry.npmmirror.com/buffer/download/buffer-5.7.1.tgz",
            "integrity": "sha1-umLnwTEzBTWCGXFghRqPZI6Z7tA=",
            "requires": {
                "base64-js": "^1.3.1",
                "ieee754": "^1.1.13"
            }
        },
        "cookie": {
            "version": "0.4.1",
            "resolved": "https://registry.npmmirror.com/cookie/download/cookie-0.4.1.tgz",
            "integrity": "sha512-ZwrFkGJxUR3EIoXtO+yVE69Eb7KlixbaeAWfBQB9vVsNn/o+Yw69gBWSSDK825hQNdN+wF8zELf3dFNl/kxkUA=="
        },
        "cookie-parser": {
            "version": "1.4.6",
            "resolved": "https://registry.npmmirror.com/cookie-parser/download/cookie-parser-1.4.6.tgz",
            "integrity": "sha512-z3IzaNjdwUC2olLIB5/ITd0/setiaFMLYiZJle7xg5Fe9KWAceil7xszYfHHBtDFYLSgJduS2Ty0P1uJdPDJeA==",
            "requires": {
                "cookie": "0.4.1",
                "cookie-signature": "1.0.6"
            }
        },
        "cookie-signature": {
            "version": "1.0.6",
            "resolved": "https://registry.npmmirror.com/cookie-signature/download/cookie-signature-1.0.6.tgz",
            "integrity": "sha1-4wOogrNCzD7oylE6eZmXNNqzriw="
        },
        "debug": {
            "version": "2.6.9",
            "resolved": "https://registry.npmmirror.com/debug/download/debug-2.6.9.tgz",
            "integrity": "sha512-bC7ElrdJaJnPbAP+1EotYvqZsb3ecl5wi6Bfi6BJTUcNowp6cvspg0jXznRTKDjm/E7AdgFBVeAPVMNcKGsHMA==",
            "requires": {
                "ms": "2.0.0"
            }
        },
        "denque": {
            "version": "2.0.1",
            "resolved": "https://registry.npmmirror.com/denque/download/denque-2.0.1.tgz",
            "integrity": "sha1-vO9MG4DcMu/pdRV0TyGkIpq4k0o="
        },
        "depd": {
            "version": "2.0.0",
            "resolved": "https://registry.npmmirror.com/depd/download/depd-2.0.0.tgz",
            "integrity": "sha1-tpYWPMdXVg0JzyLMj60Vcbeedt8="
        },
        "ee-first": {
            "version": "1.1.1",
            "resolved": "https://registry.npmmirror.com/ee-first/download/ee-first-1.1.1.tgz",
            "integrity": "sha1-WQxhFWsK4vTwJVcyoViyZrxWsh0="
        },
        "express-session": {
            "version": "1.17.2",
            "resolved": "https://registry.npmmirror.com/express-session/download/express-session-1.17.2.tgz",
            "integrity": "sha1-OXAgN0+b95l/iRuF6jOHZ7MNDv0=",
            "requires": {
                "cookie": "0.4.1",
                "cookie-signature": "1.0.6",
                "debug": "2.6.9",
                "depd": "~2.0.0",
                "on-headers": "~1.0.2",
                "parseurl": "~1.3.3",
                "safe-buffer": "5.2.1",
                "uid-safe": "~2.1.5"
            },
            "dependencies": {
                "safe-buffer": {
                    "version": "5.2.1",
                    "resolved": "https://registry.npmmirror.com/safe-buffer/download/safe-buffer-5.2.1.tgz",
                    "integrity": "sha1-Hq+fqb2x/dTsdfWPnNtOa3gn7sY="
                }
            }
        },
        "ieee754": {
            "version": "1.2.1",
            "resolved": "https://registry.npmmirror.com/ieee754/download/ieee754-1.2.1.tgz",
            "integrity": "sha1-jrehCmP/8l0VpXsAFYbRd9Gw01I="
        },
        "memory-pager": {
            "version": "1.5.0",
            "resolved": "https://registry.npmmirror.com/memory-pager/download/memory-pager-1.5.0.tgz",
            "integrity": "sha1-2HUWVdItOEaCdByXLyw9bfo+ZrU=",
            "optional": true
        },
        "method-override": {
            "version": "3.0.0",
            "resolved": "https://registry.npmmirror.com/method-override/download/method-override-3.0.0.tgz",
            "integrity": "sha1-arDV1XTjII8VsMnPRatSAARo16I=",
            "requires": {
                "debug": "3.1.0",
                "methods": "~1.1.2",
                "parseurl": "~1.3.2",
                "vary": "~1.1.2"
            },
            "dependencies": {
                "debug": {
                    "version": "3.1.0",
                    "resolved": "https://registry.npmmirror.com/debug/download/debug-3.1.0.tgz",
                    "integrity": "sha512-OX8XqP7/1a9cqkxYw2yXss15f26NKWBpDXQd0/uK/KPqdQhxbPa994hnzjcE2VqQpDslf55723cKPUOGSmMY3g==",
                    "requires": {
                        "ms": "2.0.0"
                    }
                }
            }
        },
        "methods": {
            "version": "1.1.2",
            "resolved": "https://registry.npmmirror.com/methods/download/methods-1.1.2.tgz",
            "integrity": "sha1-VSmk1nZUE07cxSZmVoNbD4Ua/O4="
        },
        "mongodb": {
            "version": "4.2.1",
            "resolved": "https://registry.npmmirror.com/mongodb/download/mongodb-4.2.1.tgz",
            "integrity": "sha512-nDC+ulM/Ea3Q2VG5eemuGfB7T4ORwrtKegH2XW9OLlUBgQF6OTNrzFCS1Z3SJGVA+T0Sr1xBYV6DMnp0A7us0g==",
            "requires": {
                "bson": "^4.6.0",
                "denque": "^2.0.1",
                "mongodb-connection-string-url": "^2.2.0",
                "saslprep": "^1.0.3"
            }
        },
        "mongodb-connection-string-url": {
            "version": "2.2.0",
            "resolved": "https://registry.npmmirror.com/mongodb-connection-string-url/download/mongodb-connection-string-url-2.2.0.tgz",
            "integrity": "sha512-U0cDxLUrQrl7DZA828CA+o69EuWPWEJTwdMPozyd7cy/dbtncUZczMw7wRHcwMD7oKOn0NM2tF9jdf5FFVW9CA==",
            "requires": {
                "@types/whatwg-url": "^8.2.1",
                "whatwg-url": "^11.0.0"
            }
        },
        "morgan": {
            "version": "1.10.0",
            "resolved": "https://registry.npmmirror.com/morgan/download/morgan-1.10.0.tgz",
            "integrity": "sha1-CRd4q8H8R801CYJGU9rh+qtrF9c=",
            "requires": {
                "basic-auth": "~2.0.1",
                "debug": "2.6.9",
                "depd": "~2.0.0",
                "on-finished": "~2.3.0",
                "on-headers": "~1.0.2"
            }
        },
        "ms": {
            "version": "2.0.0",
            "resolved": "https://registry.npmmirror.com/ms/download/ms-2.0.0.tgz?cache=0&sync_timestamp=1632788836446&other_urls=https%3A%2F%2Fregistry.npmmirror.com%2Fms%2Fdownload%2Fms-2.0.0.tgz",
            "integrity": "sha1-VgiurfwAvmwpAd9fmGF4jeDVl8g="
        },
        "on-finished": {
            "version": "2.3.0",
            "resolved": "https://registry.npmmirror.com/on-finished/download/on-finished-2.3.0.tgz",
            "integrity": "sha1-IPEzZIGwg811M3mSoWlxqi2QaUc=",
            "requires": {
                "ee-first": "1.1.1"
            }
        },
        "on-headers": {
            "version": "1.0.2",
            "resolved": "https://registry.npmmirror.com/on-headers/download/on-headers-1.0.2.tgz",
            "integrity": "sha1-dysK5qqlJcOZ5Imt+tkMQD6zwo8="
        },
        "parseurl": {
            "version": "1.3.3",
            "resolved": "https://registry.npmmirror.com/parseurl/download/parseurl-1.3.3.tgz",
            "integrity": "sha1-naGee+6NEt/wUT7Vt2lXeTvC6NQ="
        },
        "punycode": {
            "version": "2.1.1",
            "resolved": "https://registry.npmmirror.com/punycode/download/punycode-2.1.1.tgz",
            "integrity": "sha1-tYsBCsQMIsVldhbI0sLALHv0eew="
        },
        "random-bytes": {
            "version": "1.0.0",
            "resolved": "https://registry.npmmirror.com/random-bytes/download/random-bytes-1.0.0.tgz",
            "integrity": "sha1-T2ih3Arli9P7lYSMMDJNt11kNgs="
        },
        "safe-buffer": {
            "version": "5.1.2",
            "resolved": "https://registry.npmmirror.com/safe-buffer/download/safe-buffer-5.1.2.tgz",
            "integrity": "sha1-mR7GnSluAxN0fVm9/St0XDX4go0="
        },
        "saslprep": {
            "version": "1.0.3",
            "resolved": "https://registry.npmmirror.com/saslprep/download/saslprep-1.0.3.tgz",
            "integrity": "sha1-TAL5RrVs9UKX40e6EJPnrKxM8iY=",
            "optional": true,
            "requires": {
                "sparse-bitfield": "^3.0.3"
            }
        },
        "sparse-bitfield": {
            "version": "3.0.3",
            "resolved": "https://registry.npmmirror.com/sparse-bitfield/download/sparse-bitfield-3.0.3.tgz",
            "integrity": "sha1-/0rm5oZWBWuks+eSqzM004JzyhE=",
            "optional": true,
            "requires": {
                "memory-pager": "^1.0.2"
            }
        },
        "tr46": {
            "version": "3.0.0",
            "resolved": "https://registry.npmmirror.com/tr46/download/tr46-3.0.0.tgz?cache=0&other_urls=https%3A%2F%2Fregistry.npmmirror.com%2Ftr46%2Fdownload%2Ftr46-3.0.0.tgz",
            "integrity": "sha1-VVxOKXqVBhfo7t3vYzyH1NnWy/k=",
            "requires": {
                "punycode": "^2.1.1"
            }
        },
        "uid-safe": {
            "version": "2.1.5",
            "resolved": "https://registry.npmmirror.com/uid-safe/download/uid-safe-2.1.5.tgz",
            "integrity": "sha1-Kz1cckDo/C5Y+Komnl7knAhXvTo=",
            "requires": {
                "random-bytes": "~1.0.0"
            }
        },
        "vary": {
            "version": "1.1.2",
            "resolved": "https://registry.npmmirror.com/vary/download/vary-1.1.2.tgz",
            "integrity": "sha1-IpnwLG3tMNSllhsLn3RSShj2NPw="
        },
        "vhost": {
            "version": "3.0.2",
            "resolved": "https://registry.npmmirror.com/vhost/download/vhost-3.0.2.tgz",
            "integrity": "sha1-L7HezUxGaqiLD5NBrzPcGv8keNU="
        },
        "webidl-conversions": {
            "version": "7.0.0",
            "resolved": "https://registry.npmmirror.com/webidl-conversions/download/webidl-conversions-7.0.0.tgz",
            "integrity": "sha1-JWtOGIK+feu/AdBfCqIDl3jqCAo="
        },
        "whatwg-url": {
            "version": "11.0.0",
            "resolved": "https://registry.npmmirror.com/whatwg-url/download/whatwg-url-11.0.0.tgz?cache=0&sync_timestamp=1634673664859&other_urls=https%3A%2F%2Fregistry.npmmirror.com%2Fwhatwg-url%2Fdownload%2Fwhatwg-url-11.0.0.tgz",
            "integrity": "sha1-CoSe67X68hGbkBu3b9eVwoSNQBg=",
            "requires": {
                "tr46": "^3.0.0",
                "webidl-conversions": "^7.0.0"
            }
        }
    }
}
